<?xml version="1.0" encoding="utf-8"?>
<Project ToolsVersion="4.0" xmlns="http://schemas.microsoft.com/developer/msbuild/2003">
  <ItemGroup>
    <Filter Include="Source Files">
      <UniqueIdentifier>{4FC737F1-C7A5-4376-A066-2A32D752A2FF}</UniqueIdentifier>
      <Extensions>cpp;c;cc;cxx;c++;cppm;ixx;def;odl;idl;hpj;bat;asm;asmx</Extensions>
    </Filter>
    <Filter Include="Header Files">
      <UniqueIdentifier>{93995380-89BD-4b04-88EB-625FBE52EBFB}</UniqueIdentifier>
      <Extensions>h;hh;hpp;hxx;h++;hm;inl;inc;ipp;xsd</Extensions>
    </Filter>
    <Filter Include="Resource Files">
      <UniqueIdentifier>{67DA6AB6-F800-4c08-8B7A-83BB121AAD01}</UniqueIdentifier>
      <Extensions>rc;ico;cur;bmp;dlg;rc2;rct;bin;rgs;gif;jpg;jpeg;jpe;resx;tiff;tif;png;wav;mfcribbon-ms</Extensions>
    </Filter>
    <Filter Include="Header Files\Program">
      <UniqueIdentifier>{70561621-0e21-44d7-9dd1-2a67a15cf102}</UniqueIdentifier>
    </Filter>
    <Filter Include="Header Files\VK">
      <UniqueIdentifier>{bcbd86b5-c272-4561-abad-337992f2935c}</UniqueIdentifier>
    </Filter>
    <Filter Include="Header Files\Graphics">
      <UniqueIdentifier>{845f3135-3a14-4708-b7f0-4f8fdb475459}</UniqueIdentifier>
    </Filter>
    <Filter Include="Source Files\Graphics">
      <UniqueIdentifier>{febc6b17-6bda-43d6-a666-00c3b8423e4a}</UniqueIdentifier>
    </Filter>
    <Filter Include="Source Files\Program">
      <UniqueIdentifier>{2421a7a8-63ab-4837-9cdb-96f9f8a340a9}</UniqueIdentifier>
    </Filter>
    <Filter Include="Source Files\VK">
      <UniqueIdentifier>{afe44daa-6d7d-4b45-9970-a139d442ef46}</UniqueIdentifier>
    </Filter>
    <Filter Include="Source Files\Game">
      <UniqueIdentifier>{d8aae4f3-e9b0-4260-8345-3cf9d9c819a5}</UniqueIdentifier>
    </Filter>
    <Filter Include="Header Files\Game">
      <UniqueIdentifier>{055481ff-23f2-4fcf-869b-dedf639d5f4a}</UniqueIdentifier>
    </Filter>
    <Filter Include="Header Files\Graphics\Effects">
      <UniqueIdentifier>{ef03410c-c626-42a8-8f1e-d69805ab8dc0}</UniqueIdentifier>
    </Filter>
    <Filter Include="Source Files\Graphics\Effects">
      <UniqueIdentifier>{13eac6e7-f342-487a-8b1b-e82c0e20d017}</UniqueIdentifier>
    </Filter>
  </ItemGroup>
  <ItemGroup>
    <ClCompile Include="main.cpp">
      <Filter>Source Files</Filter>
    </ClCompile>
    <ClCompile Include="Camera.cpp">
      <Filter>Source Files\Graphics</Filter>
    </ClCompile>
    <ClCompile Include="Input.cpp">
      <Filter>Source Files\Program</Filter>
    </ClCompile>
    <ClCompile Include="Model.cpp">
      <Filter>Source Files\Graphics</Filter>
    </ClCompile>
    <ClCompile Include="stb.cpp">
      <Filter>Source Files\Program</Filter>
    </ClCompile>
    <ClCompile Include="VKBase.cpp">
      <Filter>Source Files\VK</Filter>
    </ClCompile>
    <ClCompile Include="VKBuffer.cpp">
      <Filter>Source Files\VK</Filter>
    </ClCompile>
    <ClCompile Include="VKRenderer.cpp">
      <Filter>Source Files\VK</Filter>
    </ClCompile>
    <ClCompile Include="VKShader.cpp">
      <Filter>Source Files\VK</Filter>
    </ClCompile>
    <ClCompile Include="VKTexture2D.cpp">
      <Filter>Source Files\VK</Filter>
    </ClCompile>
    <ClCompile Include="VKUtils.cpp">
      <Filter>Source Files\VK</Filter>
    </ClCompile>
    <ClCompile Include="Window.cpp">
      <Filter>Source Files\Program</Filter>
    </ClCompile>
    <ClCompile Include="VKFramebuffer.cpp">
      <Filter>Source Files\VK</Filter>
    </ClCompile>
    <ClCompile Include="Material.cpp">
      <Filter>Source Files\Graphics</Filter>
    </ClCompile>
    <ClCompile Include="VKPipeline.cpp">
      <Filter>Source Files\VK</Filter>
    </ClCompile>
    <ClCompile Include="ParticleSystem.cpp">
      <Filter>Source Files\Graphics</Filter>
    </ClCompile>
    <ClCompile Include="ModelManager.cpp">
      <Filter>Source Files\Graphics</Filter>
    </ClCompile>
    <ClCompile Include="Random.cpp">
      <Filter>Source Files\Program</Filter>
    </ClCompile>
    <ClCompile Include="ParticleManager.cpp">
      <Filter>Source Files\Graphics</Filter>
    </ClCompile>
    <ClCompile Include="RenderingPath.cpp">
      <Filter>Source Files\Graphics</Filter>
    </ClCompile>
    <ClCompile Include="EntityManager.cpp">
      <Filter>Source Files\Game</Filter>
    </ClCompile>
    <ClCompile Include="Allocator.cpp">
      <Filter>Source Files\Program</Filter>
    </ClCompile>
    <ClCompile Include="Log.cpp">
      <Filter>Source Files\Program</Filter>
    </ClCompile>
    <ClCompile Include="TransformManager.cpp">
      <Filter>Source Files\Game</Filter>
    </ClCompile>
    <ClCompile Include="MeshDefaults.cpp">
      <Filter>Source Files\Graphics</Filter>
    </ClCompile>
    <ClCompile Include="ComputeMaterial.cpp">
      <Filter>Source Files\Graphics</Filter>
    </ClCompile>
    <ClCompile Include="Skybox.cpp">
      <Filter>Source Files\Graphics\Effects</Filter>
    </ClCompile>
    <ClCompile Include="VolumetricClouds.cpp">
      <Filter>Source Files\Graphics\Effects</Filter>
    </ClCompile>
    <ClCompile Include="VKTexture3D.cpp">
      <Filter>Source Files\VK</Filter>
    </ClCompile>
  </ItemGroup>
  <ItemGroup>
    <ClInclude Include="VKBase.h">
      <Filter>Header Files\VK</Filter>
    </ClInclude>
    <ClInclude Include="VKBuffer.h">
      <Filter>Header Files\VK</Filter>
    </ClInclude>
    <ClInclude Include="VKRenderer.h">
      <Filter>Header Files\VK</Filter>
    </ClInclude>
    <ClInclude Include="VKShader.h">
      <Filter>Header Files\VK</Filter>
    </ClInclude>
    <ClInclude Include="VKTexture2D.h">
      <Filter>Header Files\VK</Filter>
    </ClInclude>
    <ClInclude Include="VKUtils.h">
      <Filter>Header Files\VK</Filter>
    </ClInclude>
    <ClInclude Include="Input.h">
      <Filter>Header Files\Program</Filter>
    </ClInclude>
    <ClInclude Include="Window.h">
      <Filter>Header Files\Program</Filter>
    </ClInclude>
    <ClInclude Include="Camera.h">
      <Filter>Header Files\Graphics</Filter>
    </ClInclude>
    <ClInclude Include="Model.h">
      <Filter>Header Files\Graphics</Filter>
    </ClInclude>
    <ClInclude Include="VertexTypes.h">
      <Filter>Header Files\Graphics</Filter>
    </ClInclude>
    <ClInclude Include="VKFramebuffer.h">
      <Filter>Header Files\VK</Filter>
    </ClInclude>
    <ClInclude Include="Material.h">
      <Filter>Header Files\Graphics</Filter>
    </ClInclude>
    <ClInclude Include="VKPipeline.h">
      <Filter>Header Files\VK</Filter>
    </ClInclude>
    <ClInclude Include="ModelManager.h">
      <Filter>Header Files\Graphics</Filter>
    </ClInclude>
    <ClInclude Include="ParticleSystem.h">
      <Filter>Header Files\Graphics</Filter>
    </ClInclude>
    <ClInclude Include="Random.h">
      <Filter>Header Files\Program</Filter>
    </ClInclude>
    <ClInclude Include="ParticleManager.h">
      <Filter>Header Files\Graphics</Filter>
    </ClInclude>
    <ClInclude Include="UniformBufferTypes.h">
      <Filter>Header Files\Graphics</Filter>
    </ClInclude>
    <ClInclude Include="RenderingPath.h">
      <Filter>Header Files\Graphics</Filter>
    </ClInclude>
    <ClInclude Include="EntityManager.h">
      <Filter>Header Files\Game</Filter>
    </ClInclude>
    <ClInclude Include="Allocator.h">
      <Filter>Header Files\Program</Filter>
    </ClInclude>
    <ClInclude Include="Log.h">
      <Filter>Header Files\Program</Filter>
    </ClInclude>
    <ClInclude Include="TransformManager.h">
      <Filter>Header Files\Game</Filter>
    </ClInclude>
    <ClInclude Include="MeshDefaults.h">
      <Filter>Header Files\Graphics</Filter>
    </ClInclude>
    <ClInclude Include="Mesh.h">
      <Filter>Header Files\Graphics</Filter>
    </ClInclude>
    <ClInclude Include="ComputeMaterial.h">
      <Filter>Header Files\Graphics</Filter>
    </ClInclude>
    <ClInclude Include="VolumetricClouds.h">
      <Filter>Header Files\Graphics\Effects</Filter>
    </ClInclude>
    <ClInclude Include="Skybox.h">
      <Filter>Header Files\Graphics\Effects</Filter>
    </ClInclude>
    <ClInclude Include="VKTexture3D.h">
      <Filter>Header Files\Graphics</Filter>
    </ClInclude>
    <ClInclude Include="Texture.h">
      <Filter>Header Files\Graphics</Filter>
    </ClInclude>
  </ItemGroup>
</Project>